
Microsoft Visual Studio Solution File, Format Version 12.00
# Visual Studio Version 17
VisualStudioVersion = 17.8.34309.116
MinimumVisualStudioVersion = 10.0.40219.1
Project("{FAE04EC0-301F-11D3-BF4B-00C04F79EFBC}") = "Assignment 4", "Assignment 4\Assignment 4.csproj", "{0DBC3B51-13C0-419E-98E7-DAEE4620E350}"
EndProject
Global
	GlobalSection(SolutionConfigurationPlatforms) = preSolution
		Debug|Any CPU = Debug|Any CPU
		Release|Any CPU = Release|Any CPU
	EndGlobalSection
	GlobalSection(ProjectConfigurationPlatforms) = postSolution
		{0DBC3B51-13C0-419E-98E7-DAEE4620E350}.Debug|Any CPU.ActiveCfg = Debug|Any CPU
		{0DBC3B51-13C0-419E-98E7-DAEE4620E350}.Debug|Any CPU.Build.0 = Debug|Any CPU
		{0DBC3B51-13C0-419E-98E7-DAEE4620E350}.Release|Any CPU.ActiveCfg = Release|Any CPU
		{0DBC3B51-13C0-419E-98E7-DAEE4620E350}.Release|Any CPU.Build.0 = Release|Any CPU
	EndGlobalSection
	GlobalSection(SolutionProperties) = preSolution
		HideSolutionNode = FALSE
	EndGlobalSection
	GlobalSection(ExtensibilityGlobals) = postSolution
		SolutionGuid = {458630FB-A04A-4D71-9155-B9073D6DF733}
	EndGlobalSection
EndGlobal
